# -------------------------------------------------------------------------- #
# proc8_de1: Terasic DE1 (Cyclone II EP2C20F484C7)
# Minimal Quartus project for the proc_8 DE1 demo.
# -------------------------------------------------------------------------- #

set_global_assignment -name FAMILY "Cyclone II"
set_global_assignment -name DEVICE EP2C20F484C7
set_global_assignment -name TOP_LEVEL_ENTITY proc8_de1_top
set_global_assignment -name PROJECT_OUTPUT_DIRECTORY output_files
set_global_assignment -name VHDL_INPUT_VERSION VHDL_1993
set_global_assignment -name RESERVE_ALL_UNUSED_PINS "AS INPUT TRI-STATED"

# -------------------------------------------------------------------------- #
# Source files (relative paths, component hierarchy order)
# -------------------------------------------------------------------------- #

set_global_assignment -name VHDL_FILE ../../rtl/addsub_8.vhd
set_global_assignment -name VHDL_FILE ../../rtl/logic_8.vhd
set_global_assignment -name VHDL_FILE ../../rtl/shifter_8.vhd
set_global_assignment -name VHDL_FILE ../../rtl/mult_shift_add.vhd
set_global_assignment -name VHDL_FILE ../../rtl/sqrt16.vhd
set_global_assignment -name VHDL_FILE ../../rtl/ual_8.vhd
set_global_assignment -name VHDL_FILE ../../rtl/proc_8.vhd
set_global_assignment -name VHDL_FILE proc8_de1_top.vhd

# -------------------------------------------------------------------------- #
# Timing constraints
# -------------------------------------------------------------------------- #

set_global_assignment -name SDC_FILE proc8_de1.sdc

# -------------------------------------------------------------------------- #
# Pin locations. All pins except LEDG[2] and LEDG[3] are identical to the
# clean TP1/TP2 DE1 projects. LEDG[2] and LEDG[3] come from the original
# course Terasic DE1 template (TP437.qsf / DE1_Basic_Computer.qsf), whose
# CLOCK_50, KEY[0], LEDR, LEDG[1:0] and HEX assignments match TP1/TP2.
# -------------------------------------------------------------------------- #

set_location_assignment PIN_L1 -to CLOCK_50
set_instance_assignment -name IO_STANDARD LVTTL -to CLOCK_50

set_location_assignment PIN_R22 -to KEY0
set_instance_assignment -name IO_STANDARD LVTTL -to KEY0

set_location_assignment PIN_R20 -to LEDR[0]
set_location_assignment PIN_R19 -to LEDR[1]
set_location_assignment PIN_U19 -to LEDR[2]
set_location_assignment PIN_Y19 -to LEDR[3]
set_location_assignment PIN_T18 -to LEDR[4]
set_location_assignment PIN_V19 -to LEDR[5]
set_location_assignment PIN_Y18 -to LEDR[6]
set_location_assignment PIN_U18 -to LEDR[7]
set_instance_assignment -name IO_STANDARD LVTTL -to LEDR[0]
set_instance_assignment -name IO_STANDARD LVTTL -to LEDR[1]
set_instance_assignment -name IO_STANDARD LVTTL -to LEDR[2]
set_instance_assignment -name IO_STANDARD LVTTL -to LEDR[3]
set_instance_assignment -name IO_STANDARD LVTTL -to LEDR[4]
set_instance_assignment -name IO_STANDARD LVTTL -to LEDR[5]
set_instance_assignment -name IO_STANDARD LVTTL -to LEDR[6]
set_instance_assignment -name IO_STANDARD LVTTL -to LEDR[7]

set_location_assignment PIN_U22 -to LEDG[0]
set_location_assignment PIN_U21 -to LEDG[1]
set_location_assignment PIN_V22 -to LEDG[2]
set_location_assignment PIN_V21 -to LEDG[3]
set_instance_assignment -name IO_STANDARD LVTTL -to LEDG[0]
set_instance_assignment -name IO_STANDARD LVTTL -to LEDG[1]
set_instance_assignment -name IO_STANDARD LVTTL -to LEDG[2]
set_instance_assignment -name IO_STANDARD LVTTL -to LEDG[3]

set_location_assignment PIN_J2 -to HEX0[0]
set_location_assignment PIN_J1 -to HEX0[1]
set_location_assignment PIN_H2 -to HEX0[2]
set_location_assignment PIN_H1 -to HEX0[3]
set_location_assignment PIN_F2 -to HEX0[4]
set_location_assignment PIN_F1 -to HEX0[5]
set_location_assignment PIN_E2 -to HEX0[6]
set_instance_assignment -name IO_STANDARD LVTTL -to HEX0[0]
set_instance_assignment -name IO_STANDARD LVTTL -to HEX0[1]
set_instance_assignment -name IO_STANDARD LVTTL -to HEX0[2]
set_instance_assignment -name IO_STANDARD LVTTL -to HEX0[3]
set_instance_assignment -name IO_STANDARD LVTTL -to HEX0[4]
set_instance_assignment -name IO_STANDARD LVTTL -to HEX0[5]
set_instance_assignment -name IO_STANDARD LVTTL -to HEX0[6]

set_location_assignment PIN_E1 -to HEX1[0]
set_location_assignment PIN_H6 -to HEX1[1]
set_location_assignment PIN_H5 -to HEX1[2]
set_location_assignment PIN_H4 -to HEX1[3]
set_location_assignment PIN_G3 -to HEX1[4]
set_location_assignment PIN_D2 -to HEX1[5]
set_location_assignment PIN_D1 -to HEX1[6]
set_instance_assignment -name IO_STANDARD LVTTL -to HEX1[0]
set_instance_assignment -name IO_STANDARD LVTTL -to HEX1[1]
set_instance_assignment -name IO_STANDARD LVTTL -to HEX1[2]
set_instance_assignment -name IO_STANDARD LVTTL -to HEX1[3]
set_instance_assignment -name IO_STANDARD LVTTL -to HEX1[4]
set_instance_assignment -name IO_STANDARD LVTTL -to HEX1[5]
set_instance_assignment -name IO_STANDARD LVTTL -to HEX1[6]
